
Microsoft Visual Studio Solution File, Format Version 12.00
# Visual Studio 15
VisualStudioVersion = 15.0.28307.1062
MinimumVisualStudioVersion = 10.0.40219.1
Project("{FAE04EC0-301F-11D3-BF4B-00C04F79EFBC}") = "LoveBirds", "LoveBirds\LoveBirds.csproj", "{6103F12B-BADD-4FE2-912D-DD7FCEBA2257}"
EndProject
Global
	GlobalSection(SolutionConfigurationPlatforms) = preSolution
		Debug|Any CPU = Debug|Any CPU
		Release|Any CPU = Release|Any CPU
	EndGlobalSection
	GlobalSection(ProjectConfigurationPlatforms) = postSolution
		{6103F12B-BADD-4FE2-912D-DD7FCEBA2257}.Debug|Any CPU.ActiveCfg = Debug|Any CPU
		{6103F12B-BADD-4FE2-912D-DD7FCEBA2257}.Debug|Any CPU.Build.0 = Debug|Any CPU
		{6103F12B-BADD-4FE2-912D-DD7FCEBA2257}.Release|Any CPU.ActiveCfg = Release|Any CPU
		{6103F12B-BADD-4FE2-912D-DD7FCEBA2257}.Release|Any CPU.Build.0 = Release|Any CPU
	EndGlobalSection
	GlobalSection(SolutionProperties) = preSolution
		HideSolutionNode = FALSE
	EndGlobalSection
	GlobalSection(ExtensibilityGlobals) = postSolution
		SolutionGuid = {8B010434-870B-498E-9AB1-DFC281B34001}
	EndGlobalSection
EndGlobal
